
Microsoft Visual Studio Solution File, Format Version 12.00
# Visual Studio Version 17
VisualStudioVersion = 17.7.34024.191
MinimumVisualStudioVersion = 10.0.40219.1
Project("{9A19103F-16F7-4668-BE54-9A1E7A4F7556}") = "GithubBackup", "GithubBackup\GithubBackup.csproj", "{9E9F41C9-BFEE-4352-AC76-A81090120FE3}"
EndProject
Project("{2150E333-8FDC-42A3-9474-1A3956D46DE8}") = "Solution Items", "Solution Items", "{6762D427-44B6-45D1-BD69-9F007975C95C}"
	ProjectSection(SolutionItems) = preProject
		CHANGELOG.MD = CHANGELOG.MD
		README.md = README.md
	EndProjectSection
EndProject
Global
	GlobalSection(SolutionConfigurationPlatforms) = preSolution
		Debug|Any CPU = Debug|Any CPU
		Release|Any CPU = Release|Any CPU
	EndGlobalSection
	GlobalSection(ProjectConfigurationPlatforms) = postSolution
		{9E9F41C9-BFEE-4352-AC76-A81090120FE3}.Debug|Any CPU.ActiveCfg = Debug|Any CPU
		{9E9F41C9-BFEE-4352-AC76-A81090120FE3}.Debug|Any CPU.Build.0 = Debug|Any CPU
		{9E9F41C9-BFEE-4352-AC76-A81090120FE3}.Release|Any CPU.ActiveCfg = Release|Any CPU
		{9E9F41C9-BFEE-4352-AC76-A81090120FE3}.Release|Any CPU.Build.0 = Release|Any CPU
	EndGlobalSection
	GlobalSection(SolutionProperties) = preSolution
		HideSolutionNode = FALSE
	EndGlobalSection
	GlobalSection(ExtensibilityGlobals) = postSolution
		SolutionGuid = {33636CF0-0674-4E64-BDCD-72B893EC0F3B}
	EndGlobalSection
EndGlobal
